// !$*UTF8*$!
{
	archiveVersion = 1;
	classes = {
	};
	objectVersion = 50;
	objects = {

/* Begin PBXBuildFile section */
		B8AA0CC624D894A400F2B712 /* AppDelegate.swift in Sources */ = {isa = PBXBuildFile; fileRef = B8AA0CC524D894A400F2B712 /* AppDelegate.swift */; };
		B8AA0CC824D894A400F2B712 /* SceneDelegate.swift in Sources */ = {isa = PBXBuildFile; fileRef = B8AA0CC724D894A400F2B712 /* SceneDelegate.swift */; };
		B8AA0CCA24D894A400F2B712 /* ContentView.swift in Sources */ = {isa = PBXBuildFile; fileRef = B8AA0CC924D894A400F2B712 /* ContentView.swift */; };
		B8AA0CCC24D894A600F2B712 /* Assets.xcassets in Resources */ = {isa = PBXBuildFile; fileRef = B8AA0CCB24D894A600F2B712 /* Assets.xcassets */; };
		B8AA0CCF24D894A600F2B712 /* Preview Assets.xcassets in Resources */ = {isa = PBXBuildFile; fileRef = B8AA0CCE24D894A600F2B712 /* Preview Assets.xcassets */; };
		B8AA0CD224D894A600F2B712 /* LaunchScreen.storyboard in Resources */ = {isa = PBXBuildFile; fileRef = B8AA0CD024D894A600F2B712 /* LaunchScreen.storyboard */; };
/* End PBXBuildFile section */

/* Begin PBXFileReference section */
		B8AA0CC224D894A400F2B712 /* slots.app */ = {isa = PBXFileReference; explicitFileType = wrapper.application; includeInIndex = 0; path = slots.app; sourceTree = BUILT_PRODUCTS_DIR; };
		B8AA0CC524D894A400F2B712 /* AppDelegate.swift */ = {isa = PBXFileReference; lastKnownFileType = sourcecode.swift; path = AppDelegate.swift; sourceTree = "<group>"; };
		B8AA0CC724D894A400F2B712 /* SceneDelegate.swift */ = {isa = PBXFileReference; lastKnownFileType = sourcecode.swift; path = SceneDelegate.swift; sourceTree = "<group>"; };
		B8AA0CC924D894A400F2B712 /* ContentView.swift */ = {isa = PBXFileReference; lastKnownFileType = sourcecode.swift; path = ContentView.swift; sourceTree = "<group>"; };
		B8AA0CCB24D894A600F2B712 /* Assets.xcassets */ = {isa = PBXFileReference; lastKnownFileType = folder.assetcatalog; path = Assets.xcassets; sourceTree = "<group>"; };
		B8AA0CCE24D894A600F2B712 /* Preview Assets.xcassets */ = {isa = PBXFileReference; lastKnownFileType = folder.assetcatalog; path = "Preview Assets.xcassets"; sourceTree = "<group>"; };
		B8AA0CD124D894A600F2B712 /* Base */ = {isa = PBXFileReference; lastKnownFileType = file.storyboard; name = Base; path = Base.lproj/LaunchScreen.storyboard; sourceTree = "<group>"; };
		B8AA0CD324D894A600F2B712 /* Info.plist */ = {isa = PBXFileReference; lastKnownFileType = text.plist.xml; path = Info.plist; sourceTree = "<group>"; };
/* End PBXFileReference section */

/* Begin PBXFrameworksBuildPhase section */
		B8AA0CBF24D894A400F2B712 /* Frameworks */ = {
			isa = PBXFrameworksBuildPhase;
			buildActionMask = 2147483647;
			files = (
			);
			runOnlyForDeploymentPostprocessing = 0;
		};
/* End PBXFrameworksBuildPhase section */

/* Begin PBXGroup section */
		B8AA0CB924D894A400F2B712 = {
			isa = PBXGroup;
			children = (
				B8AA0CC424D894A400F2B712 /* slots */,
				B8AA0CC324D894A400F2B712 /* Products */,
			);
			sourceTree = "<group>";
		};
		B8AA0CC324D894A400F2B712 /* Products */ = {
			isa = PBXGroup;
			children = (
				B8AA0CC224D894A400F2B712 /* slots.app */,
			);
			name = Products;
			sourceTree = "<group>";
		};
		B8AA0CC424D894A400F2B712 /* slots */ = {
			isa = PBXGroup;
			children = (
				B8AA0CC524D894A400F2B712 /* AppDelegate.swift */,
				B8AA0CC724D894A400F2B712 /* SceneDelegate.swift */,
				B8AA0CC924D894A400F2B712 /* ContentView.swift */,
				B8AA0CCB24D894A600F2B712 /* Assets.xcassets */,
				B8AA0CD024D894A600F2B712 /* LaunchScreen.storyboard */,
				B8AA0CD324D894A600F2B712 /* Info.plist */,
				B8AA0CCD24D894A600F2B712 /* Preview Content */,
			);
			path = slots;
			sourceTree = "<group>";
		};
		B8AA0CCD24D894A600F2B712 /* Preview Content */ = {
			isa = PBXGroup;
			children = (
				B8AA0CCE24D894A600F2B712 /* Preview Assets.xcassets */,
			);
			path = "Preview Content";
			sourceTree = "<group>";
		};
/* End PBXGroup section */

/* Begin PBXNativeTarget section */
		B8AA0CC124D894A400F2B712 /* slots */ = {
			isa = PBXNativeTarget;
			buildConfigurationList = B8AA0CD624D894A600F2B712 /* Build configuration list for PBXNativeTarget "slots" */;
			buildPhases = (
				B8AA0CBE24D894A400F2B712 /* Sources */,
				B8AA0CBF24D894A400F2B712 /* Frameworks */,
				B8AA0CC024D894A400F2B712 /* Resources */,
			);
			buildRules = (
			);
			dependencies = (
			);
			name = slots;
			productName = slots;
			productReference = B8AA0CC224D894A400F2B712 /* slots.app */;
			productType = "com.apple.product-type.application";
		};
/* End PBXNativeTarget section */

/* Begin PBXProject section */
		B8AA0CBA24D894A400F2B712 /* Project object */ = {
			isa = PBXProject;
			attributes = {
				LastSwiftUpdateCheck = 1160;
				LastUpgradeCheck = 1160;
				ORGANIZATIONNAME = "Len Huang";
				TargetAttributes = {
					B8AA0CC124D894A400F2B712 = {
						CreatedOnToolsVersion = 11.6;
					};
				};
			};
			buildConfigurationList = B8AA0CBD24D894A400F2B712 /* Build configuration list for PBXProject "slots" */;
			compatibilityVersion = "Xcode 9.3";
			developmentRegion = en;
			hasScannedForEncodings = 0;
			knownRegions = (
				en,
				Base,
			);
			mainGroup = B8AA0CB924D894A400F2B712;
			productRefGroup = B8AA0CC324D894A400F2B712 /* Products */;
			projectDirPath = "";
			projectRoot = "";
			targets = (
				B8AA0CC124D894A400F2B712 /* slots */,
			);
		};
/* End PBXProject section */

/* Begin PBXResourcesBuildPhase section */
		B8AA0CC024D894A400F2B712 /* Resources */ = {
			isa = PBXResourcesBuildPhase;
			buildActionMask = 2147483647;
			files = (
				B8AA0CD224D894A600F2B712 /* LaunchScreen.storyboard in Resources */,
				B8AA0CCF24D894A600F2B712 /* Preview Assets.xcassets in Resources */,
				B8AA0CCC24D894A600F2B712 /* Assets.xcassets in Resources */,
			);
			runOnlyForDeploymentPostprocessing = 0;
		};
/* End PBXResourcesBuildPhase section */

/* Begin PBXSourcesBuildPhase section */
		B8AA0CBE24D894A400F2B712 /* Sources */ = {
			isa = PBXSourcesBuildPhase;
			buildActionMask = 2147483647;
			files = (
				B8AA0CC624D894A400F2B712 /* AppDelegate.swift in Sources */,
				B8AA0CC824D894A400F2B712 /* SceneDelegate.swift in Sources */,
				B8AA0CCA24D894A400F2B712 /* ContentView.swift in Sources */,
			);
			runOnlyForDeploymentPostprocessing = 0;
		};
/* End PBXSourcesBuildPhase section */

/* Begin PBXVariantGroup section */
		B8AA0CD024D894A600F2B712 /* LaunchScreen.storyboard */ = {
			isa = PBXVariantGroup;
			children = (
				B8AA0CD124D894A600F2B712 /* Base */,
			);
			name = LaunchScreen.storyboard;
			sourceTree = "<group>";
		};
/* End PBXVariantGroup section */

/* Begin XCBuildConfiguration section */
		B8AA0CD424D894A600F2B712 /* Debug */ = {
			isa = XCBuildConfiguration;
			buildSettings = {
				ALWAYS_SEARCH_USER_PATHS = NO;
				CLANG_ANALYZER_NONNULL = YES;
				CLANG_ANALYZER_NUMBER_OBJECT_CONVERSION = YES_AGGRESSIVE;
				CLANG_CXX_LANGUAGE_STANDARD = "gnu++14";
				CLANG_CXX_LIBRARY = "libc++";
				CLANG_ENABLE_MODULES = YES;
				CLANG_ENABLE_OBJC_ARC = YES;
				CLANG_ENABLE_OBJC_WEAK = YES;
				CLANG_WARN_BLOCK_CAPTURE_AUTORELEASING = YES;
				CLANG_WARN_BOOL_CONVERSION = YES;
				CLANG_WARN_COMMA = YES;
				CLANG_WARN_CONSTANT_CONVERSION = YES;
				CLANG_WARN_DEPRECATED_OBJC_IMPLEMENTATIONS = YES;
				CLANG_WARN_DIRECT_OBJC_ISA_USAGE = YES_ERROR;
				CLANG_WARN_DOCUMENTATION_COMMENTS = YES;
				CLANG_WARN_EMPTY_BODY = YES;
				CLANG_WARN_ENUM_CONVERSION = YES;
				CLANG_WARN_INFINITE_RECURSION = YES;
				CLANG_WARN_INT_CONVERSION = YES;
				CLANG_WARN_NON_LITERAL_NULL_CONVERSION = YES;
				CLANG_WARN_OBJC_IMPLICIT_RETAIN_SELF = YES;
				CLANG_WARN_OBJC_LITERAL_CONVERSION = YES;
				CLANG_WARN_OBJC_ROOT_CLASS = YES_ERROR;
				CLANG_WARN_RANGE_LOOP_ANALYSIS = YES;
				CLANG_WARN_STRICT_PROTOTYPES = YES;
				CLANG_WARN_SUSPICIOUS_MOVE = YES;
				CLANG_WARN_UNGUARDED_AVAILABILITY = YES_AGGRESSIVE;
				CLANG_WARN_UNREACHABLE_CODE = YES;
				CLANG_WARN__DUPLICATE_METHOD_MATCH = YES;
				COPY_PHASE_STRIP = NO;
				DEBUG_INFORMATION_FORMAT = dwarf;
				ENABLE_STRICT_OBJC_MSGSEND = YES;
				ENABLE_TESTABILITY = YES;
				GCC_C_LANGUAGE_STANDARD = gnu11;
				GCC_DYNAMIC_NO_PIC = NO;
				GCC_NO_COMMON_BLOCKS = YES;
				GCC_OPTIMIZATION_LEVEL = 0;
				GCC_PREPROCESSOR_DEFINITIONS = (
					"DEBUG=1",
					"$(inherited)",
				);
				GCC_WARN_64_TO_32_BIT_CONVERSION = YES;
				GCC_WARN_ABOUT_RETURN_TYPE = YES_ERROR;
				GCC_WARN_UNDECLARED_SELECTOR = YES;
				GCC_WARN_UNINITIALIZED_AUTOS = YES_AGGRESSIVE;
				GCC_WARN_UNUSED_FUNCTION = YES;
				GCC_WARN_UNUSED_VARIABLE = YES;
				IPHONEOS_DEPLOYMENT_TARGET = 13.6;
				MTL_ENABLE_DEBUG_INFO = INCLUDE_SOURCE;
				MTL_FAST_MATH = YES;
				ONLY_ACTIVE_ARCH = YES;
				SDKROOT = iphoneos;
				SWIFT_ACTIVE_COMPILATION_CONDITIONS = DEBUG;
				SWIFT_OPTIMIZATION_LEVEL = "-Onone";
			};
			name = Debug;
		};
		B8AA0CD524D894A600F2B712 /* Release */ = {
			isa = XCBuildConfiguration;
			buildSettings = {
				ALWAYS_SEARCH_USER_PATHS = NO;
				CLANG_ANALYZER_NONNULL = YES;
				CLANG_ANALYZER_NUMBER_OBJECT_CONVERSION = YES_AGGRESSIVE;
				CLANG_CXX_LANGUAGE_STANDARD = "gnu++14";
				CLANG_CXX_LIBRARY = "libc++";
				CLANG_ENABLE_MODULES = YES;
				CLANG_ENABLE_OBJC_ARC = YES;
				CLANG_ENABLE_OBJC_WEAK = YES;
				CLANG_WARN_BLOCK_CAPTURE_AUTORELEASING = YES;
				CLANG_WARN_BOOL_CONVERSION = YES;
				CLANG_WARN_COMMA = YES;
				CLANG_WARN_CONSTANT_CONVERSION = YES;
				CLANG_WARN_DEPRECATED_OBJC_IMPLEMENTATIONS = YES;
				CLANG_WARN_DIRECT_OBJC_ISA_USAGE = YES_ERROR;
				CLANG_WARN_DOCUMENTATION_COMMENTS = YES;
				CLANG_WARN_EMPTY_BODY = YES;
				CLANG_WARN_ENUM_CONVERSION = YES;
				CLANG_WARN_INFINITE_RECURSION = YES;
				CLANG_WARN_INT_CONVERSION = YES;
				CLANG_WARN_NON_LITERAL_NULL_CONVERSION = YES;
				CLANG_WARN_OBJC_IMPLICIT_RETAIN_SELF = YES;
				CLANG_WARN_OBJC_LITERAL_CONVERSION = YES;
				CLANG_WARN_OBJC_ROOT_CLASS = YES_ERROR;
				CLANG_WARN_RANGE_LOOP_ANALYSIS = YES;
				CLANG_WARN_STRICT_PROTOTYPES = YES;
				CLANG_WARN_SUSPICIOUS_MOVE = YES;
				CLANG_WARN_UNGUARDED_AVAILABILITY = YES_AGGRESSIVE;
				CLANG_WARN_UNREACHABLE_CODE = YES;
				CLANG_WARN__DUPLICATE_METHOD_MATCH = YES;
				COPY_PHASE_STRIP = NO;
				DEBUG_INFORMATION_FORMAT = "dwarf-with-dsym";
				ENABLE_NS_ASSERTIONS = NO;
				ENABLE_STRICT_OBJC_MSGSEND = YES;
				GCC_C_LANGUAGE_STANDARD = gnu11;
				GCC_NO_COMMON_BLOCKS = YES;
				GCC_WARN_64_TO_32_BIT_CONVERSION = YES;
				GCC_WARN_ABOUT_RETURN_TYPE = YES_ERROR;
				GCC_WARN_UNDECLARED_SELECTOR = YES;
				GCC_WARN_UNINITIALIZED_AUTOS = YES_AGGRESSIVE;
				GCC_WARN_UNUSED_FUNCTION = YES;
				GCC_WARN_UNUSED_VARIABLE = YES;
				IPHONEOS_DEPLOYMENT_TARGET = 13.6;
				MTL_ENABLE_DEBUG_INFO = NO;
				MTL_FAST_MATH = YES;
				SDKROOT = iphoneos;
				SWIFT_COMPILATION_MODE = wholemodule;
				SWIFT_OPTIMIZATION_LEVEL = "-O";
				VALIDATE_PRODUCT = YES;
			};
			name = Release;
		};
		B8AA0CD724D894A600F2B712 /* Debug */ = {
			isa = XCBuildConfiguration;
			buildSettings = {
				ASSETCATALOG_COMPILER_APPICON_NAME = AppIcon;
				CODE_SIGN_STYLE = Automatic;
				DEVELOPMENT_ASSET_PATHS = "\"slots/Preview Content\"";
				ENABLE_PREVIEWS = YES;
				INFOPLIST_FILE = slots/Info.plist;
				LD_RUNPATH_SEARCH_PATHS = (
					"$(inherited)",
					"@executable_path/Frameworks",
				);
				PRODUCT_BUNDLE_IDENTIFIER = com.lenghuang.slots;
				PRODUCT_NAME = "$(TARGET_NAME)";
				SWIFT_VERSION = 5.0;
				TARGETED_DEVICE_FAMILY = "1,2";
			};
			name = Debug;
		};
		B8AA0CD824D894A600F2B712 /* Release */ = {
			isa = XCBuildConfiguration;
			buildSettings = {
				ASSETCATALOG_COMPILER_APPICON_NAME = AppIcon;
				CODE_SIGN_STYLE = Automatic;
				DEVELOPMENT_ASSET_PATHS = "\"slots/Preview Content\"";
				ENABLE_PREVIEWS = YES;
				INFOPLIST_FILE = slots/Info.plist;
				LD_RUNPATH_SEARCH_PATHS = (
					"$(inherited)",
					"@executable_path/Frameworks",
				);
				PRODUCT_BUNDLE_IDENTIFIER = com.lenghuang.slots;
				PRODUCT_NAME = "$(TARGET_NAME)";
				SWIFT_VERSION = 5.0;
				TARGETED_DEVICE_FAMILY = "1,2";
			};
			name = Release;
		};
/* End XCBuildConfiguration section */

/* Begin XCConfigurationList section */
		B8AA0CBD24D894A400F2B712 /* Build configuration list for PBXProject "slots" */ = {
			isa = XCConfigurationList;
			buildConfigurations = (
				B8AA0CD424D894A600F2B712 /* Debug */,
				B8AA0CD524D894A600F2B712 /* Release */,
			);
			defaultConfigurationIsVisible = 0;
			defaultConfigurationName = Release;
		};
		B8AA0CD624D894A600F2B712 /* Build configuration list for PBXNativeTarget "slots" */ = {
			isa = XCConfigurationList;
			buildConfigurations = (
				B8AA0CD724D894A600F2B712 /* Debug */,
				B8AA0CD824D894A600F2B712 /* Release */,
			);
			defaultConfigurationIsVisible = 0;
			defaultConfigurationName = Release;
		};
/* End XCConfigurationList section */
	};
	rootObject = B8AA0CBA24D894A400F2B712 /* Project object */;
}
